
Microsoft Visual Studio Solution File, Format Version 12.00
# Visual Studio Version 16
VisualStudioVersion = 16.0.28803.352
MinimumVisualStudioVersion = 10.0.40219.1
Project("{FAE04EC0-301F-11D3-BF4B-00C04F79EFBC}") = "OOP_Homework", "OOP_Homework\OOP_Homework.csproj", "{3ACA1919-E358-495A-AB25-27087CA58ED3}"
EndProject
Global
	GlobalSection(SolutionConfigurationPlatforms) = preSolution
		Debug|Any CPU = Debug|Any CPU
		Release|Any CPU = Release|Any CPU
	EndGlobalSection
	GlobalSection(ProjectConfigurationPlatforms) = postSolution
		{3ACA1919-E358-495A-AB25-27087CA58ED3}.Debug|Any CPU.ActiveCfg = Debug|Any CPU
		{3ACA1919-E358-495A-AB25-27087CA58ED3}.Debug|Any CPU.Build.0 = Debug|Any CPU
		{3ACA1919-E358-495A-AB25-27087CA58ED3}.Release|Any CPU.ActiveCfg = Release|Any CPU
		{3ACA1919-E358-495A-AB25-27087CA58ED3}.Release|Any CPU.Build.0 = Release|Any CPU
	EndGlobalSection
	GlobalSection(SolutionProperties) = preSolution
		HideSolutionNode = FALSE
	EndGlobalSection
	GlobalSection(ExtensibilityGlobals) = postSolution
		SolutionGuid = {68749C15-7637-46EF-902B-99B7C8AB2CF5}
	EndGlobalSection
EndGlobal
